
Microsoft Visual Studio Solution File, Format Version 12.00
# Visual Studio Version 16
VisualStudioVersion = 16.0.31729.503
MinimumVisualStudioVersion = 10.0.40219.1
Project("{9A19103F-16F7-4668-BE54-9A1E7A4F7556}") = "TesteAct.API", "TesteAct.API\TesteAct.API.csproj", "{88CEBCC6-B84E-4387-A858-B494CD28ED1C}"
EndProject
Project("{2150E333-8FDC-42A3-9474-1A3956D46DE8}") = "1 - Application", "1 - Application", "{CD9954D6-3123-4AE9-8A06-C5C782FB22C4}"
EndProject
Project("{2150E333-8FDC-42A3-9474-1A3956D46DE8}") = "2 - Service", "2 - Service", "{F6E7C385-DE65-40EE-AA06-66A40DAD4ACE}"
EndProject
Project("{2150E333-8FDC-42A3-9474-1A3956D46DE8}") = "3- Domain", "3- Domain", "{BA84D231-7366-4E89-A54B-5D8957C2C7BF}"
EndProject
Project("{2150E333-8FDC-42A3-9474-1A3956D46DE8}") = "4 - Infra", "4 - Infra", "{5259E4FF-D99F-4D9C-86B7-DE6AE896CDFF}"
EndProject
Project("{9A19103F-16F7-4668-BE54-9A1E7A4F7556}") = "TesteAct.Domain", "TesteAct.Domain\TesteAct.Domain.csproj", "{8BCEFB48-1EAA-472B-8D30-5EEFD113F573}"
EndProject
Project("{2150E333-8FDC-42A3-9474-1A3956D46DE8}") = "4.1 - Data", "4.1 - Data", "{D7FC9E09-7E2C-49CD-82CD-F8A28E102D1E}"
EndProject
Project("{9A19103F-16F7-4668-BE54-9A1E7A4F7556}") = "TesteAct.Infra.Data", "TesteAct.Infra.Data\TesteAct.Infra.Data.csproj", "{15421BD8-25C5-4F93-B455-4BDA1A47EE80}"
EndProject
Project("{2150E333-8FDC-42A3-9474-1A3956D46DE8}") = "4.2 - IoC", "4.2 - IoC", "{4C1887CE-3137-4AE9-A2EB-A9ED1E3A20FB}"
EndProject
Project("{9A19103F-16F7-4668-BE54-9A1E7A4F7556}") = "TesteAct.Infra.IoC", "TesteAct.Infra.IoC\TesteAct.Infra.IoC.csproj", "{A292F697-7AEA-4412-B4C1-4962E88ABE0C}"
EndProject
Project("{9A19103F-16F7-4668-BE54-9A1E7A4F7556}") = "TesteAct.Service", "TesteAct.Service\TesteAct.Service.csproj", "{3BEDCD83-90EE-4C1E-8EFC-0F18F028D644}"
EndProject
Project("{FAE04EC0-301F-11D3-BF4B-00C04F79EFBC}") = "TesteAct.Test", "TesteAct.Test\TesteAct.Test.csproj", "{8652F070-21A8-4FC1-9196-D019803CA48A}"
EndProject
Global
	GlobalSection(SolutionConfigurationPlatforms) = preSolution
		Debug|Any CPU = Debug|Any CPU
		Release|Any CPU = Release|Any CPU
	EndGlobalSection
	GlobalSection(ProjectConfigurationPlatforms) = postSolution
		{88CEBCC6-B84E-4387-A858-B494CD28ED1C}.Debug|Any CPU.ActiveCfg = Debug|Any CPU
		{88CEBCC6-B84E-4387-A858-B494CD28ED1C}.Debug|Any CPU.Build.0 = Debug|Any CPU
		{88CEBCC6-B84E-4387-A858-B494CD28ED1C}.Release|Any CPU.ActiveCfg = Release|Any CPU
		{88CEBCC6-B84E-4387-A858-B494CD28ED1C}.Release|Any CPU.Build.0 = Release|Any CPU
		{8BCEFB48-1EAA-472B-8D30-5EEFD113F573}.Debug|Any CPU.ActiveCfg = Debug|Any CPU
		{8BCEFB48-1EAA-472B-8D30-5EEFD113F573}.Debug|Any CPU.Build.0 = Debug|Any CPU
		{8BCEFB48-1EAA-472B-8D30-5EEFD113F573}.Release|Any CPU.ActiveCfg = Release|Any CPU
		{8BCEFB48-1EAA-472B-8D30-5EEFD113F573}.Release|Any CPU.Build.0 = Release|Any CPU
		{15421BD8-25C5-4F93-B455-4BDA1A47EE80}.Debug|Any CPU.ActiveCfg = Debug|Any CPU
		{15421BD8-25C5-4F93-B455-4BDA1A47EE80}.Debug|Any CPU.Build.0 = Debug|Any CPU
		{15421BD8-25C5-4F93-B455-4BDA1A47EE80}.Release|Any CPU.ActiveCfg = Release|Any CPU
		{15421BD8-25C5-4F93-B455-4BDA1A47EE80}.Release|Any CPU.Build.0 = Release|Any CPU
		{A292F697-7AEA-4412-B4C1-4962E88ABE0C}.Debug|Any CPU.ActiveCfg = Debug|Any CPU
		{A292F697-7AEA-4412-B4C1-4962E88ABE0C}.Debug|Any CPU.Build.0 = Debug|Any CPU
		{A292F697-7AEA-4412-B4C1-4962E88ABE0C}.Release|Any CPU.ActiveCfg = Release|Any CPU
		{A292F697-7AEA-4412-B4C1-4962E88ABE0C}.Release|Any CPU.Build.0 = Release|Any CPU
		{3BEDCD83-90EE-4C1E-8EFC-0F18F028D644}.Debug|Any CPU.ActiveCfg = Debug|Any CPU
		{3BEDCD83-90EE-4C1E-8EFC-0F18F028D644}.Debug|Any CPU.Build.0 = Debug|Any CPU
		{3BEDCD83-90EE-4C1E-8EFC-0F18F028D644}.Release|Any CPU.ActiveCfg = Release|Any CPU
		{3BEDCD83-90EE-4C1E-8EFC-0F18F028D644}.Release|Any CPU.Build.0 = Release|Any CPU
		{8652F070-21A8-4FC1-9196-D019803CA48A}.Debug|Any CPU.ActiveCfg = Debug|Any CPU
		{8652F070-21A8-4FC1-9196-D019803CA48A}.Debug|Any CPU.Build.0 = Debug|Any CPU
		{8652F070-21A8-4FC1-9196-D019803CA48A}.Release|Any CPU.ActiveCfg = Release|Any CPU
		{8652F070-21A8-4FC1-9196-D019803CA48A}.Release|Any CPU.Build.0 = Release|Any CPU
	EndGlobalSection
	GlobalSection(SolutionProperties) = preSolution
		HideSolutionNode = FALSE
	EndGlobalSection
	GlobalSection(NestedProjects) = preSolution
		{88CEBCC6-B84E-4387-A858-B494CD28ED1C} = {CD9954D6-3123-4AE9-8A06-C5C782FB22C4}
		{8BCEFB48-1EAA-472B-8D30-5EEFD113F573} = {BA84D231-7366-4E89-A54B-5D8957C2C7BF}
		{D7FC9E09-7E2C-49CD-82CD-F8A28E102D1E} = {5259E4FF-D99F-4D9C-86B7-DE6AE896CDFF}
		{15421BD8-25C5-4F93-B455-4BDA1A47EE80} = {D7FC9E09-7E2C-49CD-82CD-F8A28E102D1E}
		{4C1887CE-3137-4AE9-A2EB-A9ED1E3A20FB} = {5259E4FF-D99F-4D9C-86B7-DE6AE896CDFF}
		{A292F697-7AEA-4412-B4C1-4962E88ABE0C} = {4C1887CE-3137-4AE9-A2EB-A9ED1E3A20FB}
		{3BEDCD83-90EE-4C1E-8EFC-0F18F028D644} = {F6E7C385-DE65-40EE-AA06-66A40DAD4ACE}
		{8652F070-21A8-4FC1-9196-D019803CA48A} = {CD9954D6-3123-4AE9-8A06-C5C782FB22C4}
	EndGlobalSection
	GlobalSection(ExtensibilityGlobals) = postSolution
		SolutionGuid = {42567A96-0A5C-433A-A603-4EBDBBBEF08A}
	EndGlobalSection
EndGlobal
